
Microsoft Visual Studio Solution File, Format Version 12.00
# Visual Studio Version 17
VisualStudioVersion = 17.13.35913.81
MinimumVisualStudioVersion = 10.0.40219.1
Project("{9A19103F-16F7-4668-BE54-9A1E7A4F7556}") = "GradeTracker", "GradeTracker\GradeTracker.csproj", "{BE1CCA87-81DC-4B04-806E-7FE7B1C6271D}"
EndProject
Project("{9A19103F-16F7-4668-BE54-9A1E7A4F7556}") = "GradeTrackerUnitTests", "GradeTrackerUnitTests\GradeTrackerUnitTests.csproj", "{56D3422A-5595-4FED-848F-539132F6BB68}"
EndProject
Project("{9A19103F-16F7-4668-BE54-9A1E7A4F7556}") = "GradeTrackerWebAPI", "GradeTrackerWebAPI\GradeTrackerWebAPI.csproj", "{E9B6316E-6DAC-42F2-845A-F9D57925DBAC}"
EndProject
Global
	GlobalSection(SolutionConfigurationPlatforms) = preSolution
		Debug|Any CPU = Debug|Any CPU
		Release|Any CPU = Release|Any CPU
	EndGlobalSection
	GlobalSection(ProjectConfigurationPlatforms) = postSolution
		{BE1CCA87-81DC-4B04-806E-7FE7B1C6271D}.Debug|Any CPU.ActiveCfg = Debug|Any CPU
		{BE1CCA87-81DC-4B04-806E-7FE7B1C6271D}.Debug|Any CPU.Build.0 = Debug|Any CPU
		{BE1CCA87-81DC-4B04-806E-7FE7B1C6271D}.Release|Any CPU.ActiveCfg = Release|Any CPU
		{BE1CCA87-81DC-4B04-806E-7FE7B1C6271D}.Release|Any CPU.Build.0 = Release|Any CPU
		{56D3422A-5595-4FED-848F-539132F6BB68}.Debug|Any CPU.ActiveCfg = Debug|Any CPU
		{56D3422A-5595-4FED-848F-539132F6BB68}.Debug|Any CPU.Build.0 = Debug|Any CPU
		{56D3422A-5595-4FED-848F-539132F6BB68}.Release|Any CPU.ActiveCfg = Release|Any CPU
		{56D3422A-5595-4FED-848F-539132F6BB68}.Release|Any CPU.Build.0 = Release|Any CPU
		{E9B6316E-6DAC-42F2-845A-F9D57925DBAC}.Debug|Any CPU.ActiveCfg = Debug|Any CPU
		{E9B6316E-6DAC-42F2-845A-F9D57925DBAC}.Debug|Any CPU.Build.0 = Debug|Any CPU
		{E9B6316E-6DAC-42F2-845A-F9D57925DBAC}.Release|Any CPU.ActiveCfg = Release|Any CPU
		{E9B6316E-6DAC-42F2-845A-F9D57925DBAC}.Release|Any CPU.Build.0 = Release|Any CPU
	EndGlobalSection
	GlobalSection(SolutionProperties) = preSolution
		HideSolutionNode = FALSE
	EndGlobalSection
	GlobalSection(ExtensibilityGlobals) = postSolution
		SolutionGuid = {17A869A4-277B-4471-AAE5-8CEE6E247FF2}
	EndGlobalSection
EndGlobal
